
Microsoft Visual Studio Solution File, Format Version 12.00
# Visual Studio Version 17
VisualStudioVersion = 17.1.32210.238
MinimumVisualStudioVersion = 10.0.40219.1
Project("{FAE04EC0-301F-11D3-BF4B-00C04F79EFBC}") = "Indexer's converter", "Indexer's converter\Indexer's converter.csproj", "{E80C71A5-8C52-4D2F-BB6C-15220B3AF4B5}"
EndProject
Global
	GlobalSection(SolutionConfigurationPlatforms) = preSolution
		Debug|Any CPU = Debug|Any CPU
		Release|Any CPU = Release|Any CPU
	EndGlobalSection
	GlobalSection(ProjectConfigurationPlatforms) = postSolution
		{E80C71A5-8C52-4D2F-BB6C-15220B3AF4B5}.Debug|Any CPU.ActiveCfg = Debug|Any CPU
		{E80C71A5-8C52-4D2F-BB6C-15220B3AF4B5}.Debug|Any CPU.Build.0 = Debug|Any CPU
		{E80C71A5-8C52-4D2F-BB6C-15220B3AF4B5}.Release|Any CPU.ActiveCfg = Release|Any CPU
		{E80C71A5-8C52-4D2F-BB6C-15220B3AF4B5}.Release|Any CPU.Build.0 = Release|Any CPU
	EndGlobalSection
	GlobalSection(SolutionProperties) = preSolution
		HideSolutionNode = FALSE
	EndGlobalSection
	GlobalSection(ExtensibilityGlobals) = postSolution
		SolutionGuid = {DE365F88-B355-45DB-8AE0-FDED9CEC40D8}
	EndGlobalSection
EndGlobal
